# THIS IS AN AUTOGENERATED FILE. DO NOT EDIT THIS FILE DIRECTLY.
# yarn lockfile v1


lodash.clonedeep@^4.5.0:
  version "4.5.0"
  resolved "https://registry.yarnpkg.com/lodash.clonedeep/-/lodash.clonedeep-4.5.0.tgz#e23f3f9c4f8fbdde872529c1071857a086e5ccef"
  integrity sha512-H5ZhCF25riFd9uB5UCkVKo61m3S/xZk1x4wA6yp/L3RFP6Z/eHH1ymQcGLo7J3GMPfm0V/7m1tryHuGVxpqEBQ==

ts-mixer@^5.4.1:
  version "5.4.1"
  resolved "https://registry.yarnpkg.com/ts-mixer/-/ts-mixer-5.4.1.tgz#b90db9ced48531aa17ce9184a2890d1e3c99b1e5"
  integrity sha512-Zo9HgPCtNouDgJ+LGtrzVOjSg8+7WGQktIKLwAfaNrlOK1mWGlz1ejsAF/YqUEqAGjUTeB5fEg8gH9Aui6w9xA==

visitor-as@roaminroe/visitor-as:
  version "0.9.0"
  resolved "https://codeload.github.com/roaminroe/visitor-as/tar.gz/00dc24e5c0d3fb9a00d8742e78db0a0473652ac4"
  dependencies:
    lodash.clonedeep "^4.5.0"
    ts-mixer "^5.4.1"
